
Microsoft Visual Studio Solution File, Format Version 12.00
# Visual Studio Version 17
VisualStudioVersion = 17.10.34928.147
MinimumVisualStudioVersion = 10.0.40219.1
Project("{FAE04EC0-301F-11D3-BF4B-00C04F79EFBC}") = "ProjetoCalculadoraSeguroDesemprego", "ProjetoCalculadoraSeguroDesemprego\ProjetoCalculadoraSeguroDesemprego.csproj", "{9229C5F8-A5A2-4FE3-B7FB-BB7FF7AA53AF}"
EndProject
Global
	GlobalSection(SolutionConfigurationPlatforms) = preSolution
		Debug|Any CPU = Debug|Any CPU
		Release|Any CPU = Release|Any CPU
	EndGlobalSection
	GlobalSection(ProjectConfigurationPlatforms) = postSolution
		{9229C5F8-A5A2-4FE3-B7FB-BB7FF7AA53AF}.Debug|Any CPU.ActiveCfg = Debug|Any CPU
		{9229C5F8-A5A2-4FE3-B7FB-BB7FF7AA53AF}.Debug|Any CPU.Build.0 = Debug|Any CPU
		{9229C5F8-A5A2-4FE3-B7FB-BB7FF7AA53AF}.Release|Any CPU.ActiveCfg = Release|Any CPU
		{9229C5F8-A5A2-4FE3-B7FB-BB7FF7AA53AF}.Release|Any CPU.Build.0 = Release|Any CPU
	EndGlobalSection
	GlobalSection(SolutionProperties) = preSolution
		HideSolutionNode = FALSE
	EndGlobalSection
	GlobalSection(ExtensibilityGlobals) = postSolution
		SolutionGuid = {53B63EC9-6748-423F-A876-E94272281DFA}
	EndGlobalSection
EndGlobal
